// !$*UTF8*$!
{
	archiveVersion = 1;
	classes = {
	};
	objectVersion = 46;
	objects = {

/* Begin PBXBuildFile section */
		331684C91DA5A94D00FEA102 /* ViewControllerB.swift in Sources */ = {isa = PBXBuildFile; fileRef = 331684C81DA5A94D00FEA102 /* ViewControllerB.swift */; };
		331684CB1DA5A98E00FEA102 /* ViewControllerC.swift in Sources */ = {isa = PBXBuildFile; fileRef = 331684CA1DA5A98E00FEA102 /* ViewControllerC.swift */; };
		33E596A81D9EE18A0036CAFD /* AppDelegate.swift in Sources */ = {isa = PBXBuildFile; fileRef = 33E596A71D9EE18A0036CAFD /* AppDelegate.swift */; };
		33E596AA1D9EE18A0036CAFD /* ViewController.swift in Sources */ = {isa = PBXBuildFile; fileRef = 33E596A91D9EE18A0036CAFD /* ViewController.swift */; };
		33E596AD1D9EE18A0036CAFD /* Main.storyboard in Resources */ = {isa = PBXBuildFile; fileRef = 33E596AB1D9EE18A0036CAFD /* Main.storyboard */; };
		33E596AF1D9EE18A0036CAFD /* Assets.xcassets in Resources */ = {isa = PBXBuildFile; fileRef = 33E596AE1D9EE18A0036CAFD /* Assets.xcassets */; };
		33E596B21D9EE18A0036CAFD /* LaunchScreen.storyboard in Resources */ = {isa = PBXBuildFile; fileRef = 33E596B01D9EE18A0036CAFD /* LaunchScreen.storyboard */; };
		33E596BB1D9EE3900036CAFD /* VzFadeInAimator.swift in Sources */ = {isa = PBXBuildFile; fileRef = 33E596B91D9EE3900036CAFD /* VzFadeInAimator.swift */; };
		33E596BC1D9EE3900036CAFD /* VzModalDropCloseAnimation.swift in Sources */ = {isa = PBXBuildFile; fileRef = 33E596BA1D9EE3900036CAFD /* VzModalDropCloseAnimation.swift */; };
/* End PBXBuildFile section */

/* Begin PBXFileReference section */
		331684C81DA5A94D00FEA102 /* ViewControllerB.swift */ = {isa = PBXFileReference; fileEncoding = 4; lastKnownFileType = sourcecode.swift; path = ViewControllerB.swift; sourceTree = "<group>"; };
		331684CA1DA5A98E00FEA102 /* ViewControllerC.swift */ = {isa = PBXFileReference; fileEncoding = 4; lastKnownFileType = sourcecode.swift; path = ViewControllerC.swift; sourceTree = "<group>"; };
		33E596A41D9EE18A0036CAFD /* NavigationAnimation.app */ = {isa = PBXFileReference; explicitFileType = wrapper.application; includeInIndex = 0; path = NavigationAnimation.app; sourceTree = BUILT_PRODUCTS_DIR; };
		33E596A71D9EE18A0036CAFD /* AppDelegate.swift */ = {isa = PBXFileReference; lastKnownFileType = sourcecode.swift; path = AppDelegate.swift; sourceTree = "<group>"; };
		33E596A91D9EE18A0036CAFD /* ViewController.swift */ = {isa = PBXFileReference; lastKnownFileType = sourcecode.swift; path = ViewController.swift; sourceTree = "<group>"; };
		33E596AC1D9EE18A0036CAFD /* Base */ = {isa = PBXFileReference; lastKnownFileType = file.storyboard; name = Base; path = Base.lproj/Main.storyboard; sourceTree = "<group>"; };
		33E596AE1D9EE18A0036CAFD /* Assets.xcassets */ = {isa = PBXFileReference; lastKnownFileType = folder.assetcatalog; path = Assets.xcassets; sourceTree = "<group>"; };
		33E596B11D9EE18A0036CAFD /* Base */ = {isa = PBXFileReference; lastKnownFileType = file.storyboard; name = Base; path = Base.lproj/LaunchScreen.storyboard; sourceTree = "<group>"; };
		33E596B31D9EE18A0036CAFD /* Info.plist */ = {isa = PBXFileReference; lastKnownFileType = text.plist.xml; path = Info.plist; sourceTree = "<group>"; };
		33E596B91D9EE3900036CAFD /* VzFadeInAimator.swift */ = {isa = PBXFileReference; fileEncoding = 4; lastKnownFileType = sourcecode.swift; path = VzFadeInAimator.swift; sourceTree = "<group>"; };
		33E596BA1D9EE3900036CAFD /* VzModalDropCloseAnimation.swift */ = {isa = PBXFileReference; fileEncoding = 4; lastKnownFileType = sourcecode.swift; path = VzModalDropCloseAnimation.swift; sourceTree = "<group>"; };
/* End PBXFileReference section */

/* Begin PBXFrameworksBuildPhase section */
		33E596A11D9EE18A0036CAFD /* Frameworks */ = {
			isa = PBXFrameworksBuildPhase;
			buildActionMask = 2147483647;
			files = (
			);
			runOnlyForDeploymentPostprocessing = 0;
		};
/* End PBXFrameworksBuildPhase section */

/* Begin PBXGroup section */
		331684CC1DA5AC0B00FEA102 /* ViewControllers */ = {
			isa = PBXGroup;
			children = (
				331684C81DA5A94D00FEA102 /* ViewControllerB.swift */,
				331684CA1DA5A98E00FEA102 /* ViewControllerC.swift */,
				33E596A91D9EE18A0036CAFD /* ViewController.swift */,
			);
			name = ViewControllers;
			sourceTree = "<group>";
		};
		331684CD1DA5AC1900FEA102 /* AppDel_StoryBoard */ = {
			isa = PBXGroup;
			children = (
				33E596A71D9EE18A0036CAFD /* AppDelegate.swift */,
				33E596AB1D9EE18A0036CAFD /* Main.storyboard */,
				33E596AE1D9EE18A0036CAFD /* Assets.xcassets */,
				33E596B01D9EE18A0036CAFD /* LaunchScreen.storyboard */,
				33E596B31D9EE18A0036CAFD /* Info.plist */,
			);
			name = AppDel_StoryBoard;
			sourceTree = "<group>";
		};
		33E5969B1D9EE18A0036CAFD = {
			isa = PBXGroup;
			children = (
				33E596A61D9EE18A0036CAFD /* NavigationAnimation */,
				33E596A51D9EE18A0036CAFD /* Products */,
			);
			sourceTree = "<group>";
		};
		33E596A51D9EE18A0036CAFD /* Products */ = {
			isa = PBXGroup;
			children = (
				33E596A41D9EE18A0036CAFD /* NavigationAnimation.app */,
			);
			name = Products;
			sourceTree = "<group>";
		};
		33E596A61D9EE18A0036CAFD /* NavigationAnimation */ = {
			isa = PBXGroup;
			children = (
				33E596BD1D9EE3960036CAFD /* Animaton */,
				331684CC1DA5AC0B00FEA102 /* ViewControllers */,
				331684CD1DA5AC1900FEA102 /* AppDel_StoryBoard */,
			);
			path = NavigationAnimation;
			sourceTree = "<group>";
		};
		33E596BD1D9EE3960036CAFD /* Animaton */ = {
			isa = PBXGroup;
			children = (
				33E596B91D9EE3900036CAFD /* VzFadeInAimator.swift */,
				33E596BA1D9EE3900036CAFD /* VzModalDropCloseAnimation.swift */,
			);
			name = Animaton;
			sourceTree = "<group>";
		};
/* End PBXGroup section */

/* Begin PBXNativeTarget section */
		33E596A31D9EE18A0036CAFD /* NavigationAnimation */ = {
			isa = PBXNativeTarget;
			buildConfigurationList = 33E596B61D9EE18A0036CAFD /* Build configuration list for PBXNativeTarget "NavigationAnimation" */;
			buildPhases = (
				33E596A01D9EE18A0036CAFD /* Sources */,
				33E596A11D9EE18A0036CAFD /* Frameworks */,
				33E596A21D9EE18A0036CAFD /* Resources */,
			);
			buildRules = (
			);
			dependencies = (
			);
			name = NavigationAnimation;
			productName = NavigationAnimation;
			productReference = 33E596A41D9EE18A0036CAFD /* NavigationAnimation.app */;
			productType = "com.apple.product-type.application";
		};
/* End PBXNativeTarget section */

/* Begin PBXProject section */
		33E5969C1D9EE18A0036CAFD /* Project object */ = {
			isa = PBXProject;
			attributes = {
				LastSwiftUpdateCheck = 0800;
				LastUpgradeCheck = 0800;
				ORGANIZATIONNAME = Verizon;
				TargetAttributes = {
					33E596A31D9EE18A0036CAFD = {
						CreatedOnToolsVersion = 8.0;
						DevelopmentTeam = V289XNH63H;
						LastSwiftMigration = 0800;
						ProvisioningStyle = Automatic;
					};
				};
			};
			buildConfigurationList = 33E5969F1D9EE18A0036CAFD /* Build configuration list for PBXProject "NavigationAnimation" */;
			compatibilityVersion = "Xcode 3.2";
			developmentRegion = English;
			hasScannedForEncodings = 0;
			knownRegions = (
				en,
				Base,
			);
			mainGroup = 33E5969B1D9EE18A0036CAFD;
			productRefGroup = 33E596A51D9EE18A0036CAFD /* Products */;
			projectDirPath = "";
			projectRoot = "";
			targets = (
				33E596A31D9EE18A0036CAFD /* NavigationAnimation */,
			);
		};
/* End PBXProject section */

/* Begin PBXResourcesBuildPhase section */
		33E596A21D9EE18A0036CAFD /* Resources */ = {
			isa = PBXResourcesBuildPhase;
			buildActionMask = 2147483647;
			files = (
				33E596B21D9EE18A0036CAFD /* LaunchScreen.storyboard in Resources */,
				33E596AF1D9EE18A0036CAFD /* Assets.xcassets in Resources */,
				33E596AD1D9EE18A0036CAFD /* Main.storyboard in Resources */,
			);
			runOnlyForDeploymentPostprocessing = 0;
		};
/* End PBXResourcesBuildPhase section */

/* Begin PBXSourcesBuildPhase section */
		33E596A01D9EE18A0036CAFD /* Sources */ = {
			isa = PBXSourcesBuildPhase;
			buildActionMask = 2147483647;
			files = (
				331684CB1DA5A98E00FEA102 /* ViewControllerC.swift in Sources */,
				331684C91DA5A94D00FEA102 /* ViewControllerB.swift in Sources */,
				33E596BB1D9EE3900036CAFD /* VzFadeInAimator.swift in Sources */,
				33E596AA1D9EE18A0036CAFD /* ViewController.swift in Sources */,
				33E596A81D9EE18A0036CAFD /* AppDelegate.swift in Sources */,
				33E596BC1D9EE3900036CAFD /* VzModalDropCloseAnimation.swift in Sources */,
			);
			runOnlyForDeploymentPostprocessing = 0;
		};
/* End PBXSourcesBuildPhase section */

/* Begin PBXVariantGroup section */
		33E596AB1D9EE18A0036CAFD /* Main.storyboard */ = {
			isa = PBXVariantGroup;
			children = (
				33E596AC1D9EE18A0036CAFD /* Base */,
			);
			name = Main.storyboard;
			sourceTree = "<group>";
		};
		33E596B01D9EE18A0036CAFD /* LaunchScreen.storyboard */ = {
			isa = PBXVariantGroup;
			children = (
				33E596B11D9EE18A0036CAFD /* Base */,
			);
			name = LaunchScreen.storyboard;
			sourceTree = "<group>";
		};
/* End PBXVariantGroup section */

/* Begin XCBuildConfiguration section */
		33E596B41D9EE18A0036CAFD /* Debug */ = {
			isa = XCBuildConfiguration;
			buildSettings = {
				ALWAYS_SEARCH_USER_PATHS = NO;
				CLANG_ANALYZER_NONNULL = YES;
				CLANG_CXX_LANGUAGE_STANDARD = "gnu++0x";
				CLANG_CXX_LIBRARY = "libc++";
				CLANG_ENABLE_MODULES = YES;
				CLANG_ENABLE_OBJC_ARC = YES;
				CLANG_WARN_BOOL_CONVERSION = YES;
				CLANG_WARN_CONSTANT_CONVERSION = YES;
				CLANG_WARN_DIRECT_OBJC_ISA_USAGE = YES_ERROR;
				CLANG_WARN_DOCUMENTATION_COMMENTS = YES;
				CLANG_WARN_EMPTY_BODY = YES;
				CLANG_WARN_ENUM_CONVERSION = YES;
				CLANG_WARN_INFINITE_RECURSION = YES;
				CLANG_WARN_INT_CONVERSION = YES;
				CLANG_WARN_OBJC_ROOT_CLASS = YES_ERROR;
				CLANG_WARN_SUSPICIOUS_MOVES = YES;
				CLANG_WARN_UNREACHABLE_CODE = YES;
				CLANG_WARN__DUPLICATE_METHOD_MATCH = YES;
				"CODE_SIGN_IDENTITY[sdk=iphoneos*]" = "iPhone Developer";
				COPY_PHASE_STRIP = NO;
				DEBUG_INFORMATION_FORMAT = dwarf;
				ENABLE_STRICT_OBJC_MSGSEND = YES;
				ENABLE_TESTABILITY = YES;
				GCC_C_LANGUAGE_STANDARD = gnu99;
				GCC_DYNAMIC_NO_PIC = NO;
				GCC_NO_COMMON_BLOCKS = YES;
				GCC_OPTIMIZATION_LEVEL = 0;
				GCC_PREPROCESSOR_DEFINITIONS = (
					"DEBUG=1",
					"$(inherited)",
				);
				GCC_WARN_64_TO_32_BIT_CONVERSION = YES;
				GCC_WARN_ABOUT_RETURN_TYPE = YES_ERROR;
				GCC_WARN_UNDECLARED_SELECTOR = YES;
				GCC_WARN_UNINITIALIZED_AUTOS = YES_AGGRESSIVE;
				GCC_WARN_UNUSED_FUNCTION = YES;
				GCC_WARN_UNUSED_VARIABLE = YES;
				IPHONEOS_DEPLOYMENT_TARGET = 10.0;
				MTL_ENABLE_DEBUG_INFO = YES;
				ONLY_ACTIVE_ARCH = YES;
				SDKROOT = iphoneos;
				SWIFT_ACTIVE_COMPILATION_CONDITIONS = DEBUG;
				SWIFT_OPTIMIZATION_LEVEL = "-Onone";
				TARGETED_DEVICE_FAMILY = "1,2";
			};
			name = Debug;
		};
		33E596B51D9EE18A0036CAFD /* Release */ = {
			isa = XCBuildConfiguration;
			buildSettings = {
				ALWAYS_SEARCH_USER_PATHS = NO;
				CLANG_ANALYZER_NONNULL = YES;
				CLANG_CXX_LANGUAGE_STANDARD = "gnu++0x";
				CLANG_CXX_LIBRARY = "libc++";
				CLANG_ENABLE_MODULES = YES;
				CLANG_ENABLE_OBJC_ARC = YES;
				CLANG_WARN_BOOL_CONVERSION = YES;
				CLANG_WARN_CONSTANT_CONVERSION = YES;
				CLANG_WARN_DIRECT_OBJC_ISA_USAGE = YES_ERROR;
				CLANG_WARN_DOCUMENTATION_COMMENTS = YES;
				CLANG_WARN_EMPTY_BODY = YES;
				CLANG_WARN_ENUM_CONVERSION = YES;
				CLANG_WARN_INFINITE_RECURSION = YES;
				CLANG_WARN_INT_CONVERSION = YES;
				CLANG_WARN_OBJC_ROOT_CLASS = YES_ERROR;
				CLANG_WARN_SUSPICIOUS_MOVES = YES;
				CLANG_WARN_UNREACHABLE_CODE = YES;
				CLANG_WARN__DUPLICATE_METHOD_MATCH = YES;
				"CODE_SIGN_IDENTITY[sdk=iphoneos*]" = "iPhone Developer";
				COPY_PHASE_STRIP = NO;
				DEBUG_INFORMATION_FORMAT = "dwarf-with-dsym";
				ENABLE_NS_ASSERTIONS = NO;
				ENABLE_STRICT_OBJC_MSGSEND = YES;
				GCC_C_LANGUAGE_STANDARD = gnu99;
				GCC_NO_COMMON_BLOCKS = YES;
				GCC_WARN_64_TO_32_BIT_CONVERSION = YES;
				GCC_WARN_ABOUT_RETURN_TYPE = YES_ERROR;
				GCC_WARN_UNDECLARED_SELECTOR = YES;
				GCC_WARN_UNINITIALIZED_AUTOS = YES_AGGRESSIVE;
				GCC_WARN_UNUSED_FUNCTION = YES;
				GCC_WARN_UNUSED_VARIABLE = YES;
				IPHONEOS_DEPLOYMENT_TARGET = 10.0;
				MTL_ENABLE_DEBUG_INFO = NO;
				SDKROOT = iphoneos;
				SWIFT_OPTIMIZATION_LEVEL = "-Owholemodule";
				TARGETED_DEVICE_FAMILY = "1,2";
				VALIDATE_PRODUCT = YES;
			};
			name = Release;
		};
		33E596B71D9EE18A0036CAFD /* Debug */ = {
			isa = XCBuildConfiguration;
			buildSettings = {
				ASSETCATALOG_COMPILER_APPICON_NAME = AppIcon;
				DEVELOPMENT_TEAM = V289XNH63H;
				INFOPLIST_FILE = NavigationAnimation/Info.plist;
				LD_RUNPATH_SEARCH_PATHS = "$(inherited) @executable_path/Frameworks";
				PRODUCT_BUNDLE_IDENTIFIER = com.verizon.feighty.Traveler.NavigationAnimation;
				PRODUCT_NAME = "$(TARGET_NAME)";
				SWIFT_VERSION = 3.0;
			};
			name = Debug;
		};
		33E596B81D9EE18A0036CAFD /* Release */ = {
			isa = XCBuildConfiguration;
			buildSettings = {
				ASSETCATALOG_COMPILER_APPICON_NAME = AppIcon;
				DEVELOPMENT_TEAM = V289XNH63H;
				INFOPLIST_FILE = NavigationAnimation/Info.plist;
				LD_RUNPATH_SEARCH_PATHS = "$(inherited) @executable_path/Frameworks";
				PRODUCT_BUNDLE_IDENTIFIER = com.verizon.feighty.Traveler.NavigationAnimation;
				PRODUCT_NAME = "$(TARGET_NAME)";
				SWIFT_VERSION = 3.0;
			};
			name = Release;
		};
/* End XCBuildConfiguration section */

/* Begin XCConfigurationList section */
		33E5969F1D9EE18A0036CAFD /* Build configuration list for PBXProject "NavigationAnimation" */ = {
			isa = XCConfigurationList;
			buildConfigurations = (
				33E596B41D9EE18A0036CAFD /* Debug */,
				33E596B51D9EE18A0036CAFD /* Release */,
			);
			defaultConfigurationIsVisible = 0;
			defaultConfigurationName = Release;
		};
		33E596B61D9EE18A0036CAFD /* Build configuration list for PBXNativeTarget "NavigationAnimation" */ = {
			isa = XCConfigurationList;
			buildConfigurations = (
				33E596B71D9EE18A0036CAFD /* Debug */,
				33E596B81D9EE18A0036CAFD /* Release */,
			);
			defaultConfigurationIsVisible = 0;
			defaultConfigurationName = Release;
		};
/* End XCConfigurationList section */
	};
	rootObject = 33E5969C1D9EE18A0036CAFD /* Project object */;
}
